
Microsoft Visual Studio Solution File, Format Version 10.00
# Visual C# Express 2008
Project("{FAE04EC0-301F-11D3-BF4B-00C04F79EFBC}") = "Tetris", "Tetris\Tetris.csproj", "{58A7EBF4-C6DC-4A5D-870D-E1A7735224AF}"
EndProject
Global
	GlobalSection(SolutionConfigurationPlatforms) = preSolution
		Debug|Any CPU = Debug|Any CPU
		Release|Any CPU = Release|Any CPU
	EndGlobalSection
	GlobalSection(ProjectConfigurationPlatforms) = postSolution
		{58A7EBF4-C6DC-4A5D-870D-E1A7735224AF}.Debug|Any CPU.ActiveCfg = Debug|Any CPU
		{58A7EBF4-C6DC-4A5D-870D-E1A7735224AF}.Debug|Any CPU.Build.0 = Debug|Any CPU
		{58A7EBF4-C6DC-4A5D-870D-E1A7735224AF}.Release|Any CPU.ActiveCfg = Release|Any CPU
		{58A7EBF4-C6DC-4A5D-870D-E1A7735224AF}.Release|Any CPU.Build.0 = Release|Any CPU
	EndGlobalSection
	GlobalSection(SolutionProperties) = preSolution
		HideSolutionNode = FALSE
	EndGlobalSection
EndGlobal
